// !$*UTF8*$!
{
	archiveVersion = 1;
	classes = {
	};
	objectVersion = 50;
	objects = {

/* Begin PBXBuildFile section */
		53286F1A214CC35D0044BEF9 /* AppDelegate.swift in Sources */ = {isa = PBXBuildFile; fileRef = 53286F19214CC35D0044BEF9 /* AppDelegate.swift */; };
		53286F1C214CC35D0044BEF9 /* ViewController.swift in Sources */ = {isa = PBXBuildFile; fileRef = 53286F1B214CC35D0044BEF9 /* ViewController.swift */; };
		53286F1F214CC35D0044BEF9 /* Main.storyboard in Resources */ = {isa = PBXBuildFile; fileRef = 53286F1D214CC35D0044BEF9 /* Main.storyboard */; };
		53286F21214CC35F0044BEF9 /* Assets.xcassets in Resources */ = {isa = PBXBuildFile; fileRef = 53286F20214CC35F0044BEF9 /* Assets.xcassets */; };
		53286F24214CC35F0044BEF9 /* LaunchScreen.storyboard in Resources */ = {isa = PBXBuildFile; fileRef = 53286F22214CC35F0044BEF9 /* LaunchScreen.storyboard */; };
		53286F2F214CC35F0044BEF9 /* ATMTests.swift in Sources */ = {isa = PBXBuildFile; fileRef = 53286F2E214CC35F0044BEF9 /* ATMTests.swift */; };
		53286F3A214CC35F0044BEF9 /* ATMUITests.swift in Sources */ = {isa = PBXBuildFile; fileRef = 53286F39214CC35F0044BEF9 /* ATMUITests.swift */; };
/* End PBXBuildFile section */

/* Begin PBXContainerItemProxy section */
		53286F2B214CC35F0044BEF9 /* PBXContainerItemProxy */ = {
			isa = PBXContainerItemProxy;
			containerPortal = 53286F0E214CC35D0044BEF9 /* Project object */;
			proxyType = 1;
			remoteGlobalIDString = 53286F15214CC35D0044BEF9;
			remoteInfo = ATM;
		};
		53286F36214CC35F0044BEF9 /* PBXContainerItemProxy */ = {
			isa = PBXContainerItemProxy;
			containerPortal = 53286F0E214CC35D0044BEF9 /* Project object */;
			proxyType = 1;
			remoteGlobalIDString = 53286F15214CC35D0044BEF9;
			remoteInfo = ATM;
		};
/* End PBXContainerItemProxy section */

/* Begin PBXFileReference section */
		53286F16214CC35D0044BEF9 /* ATM.app */ = {isa = PBXFileReference; explicitFileType = wrapper.application; includeInIndex = 0; path = ATM.app; sourceTree = BUILT_PRODUCTS_DIR; };
		53286F19214CC35D0044BEF9 /* AppDelegate.swift */ = {isa = PBXFileReference; lastKnownFileType = sourcecode.swift; path = AppDelegate.swift; sourceTree = "<group>"; };
		53286F1B214CC35D0044BEF9 /* ViewController.swift */ = {isa = PBXFileReference; lastKnownFileType = sourcecode.swift; path = ViewController.swift; sourceTree = "<group>"; };
		53286F1E214CC35D0044BEF9 /* Base */ = {isa = PBXFileReference; lastKnownFileType = file.storyboard; name = Base; path = Base.lproj/Main.storyboard; sourceTree = "<group>"; };
		53286F20214CC35F0044BEF9 /* Assets.xcassets */ = {isa = PBXFileReference; lastKnownFileType = folder.assetcatalog; path = Assets.xcassets; sourceTree = "<group>"; };
		53286F23214CC35F0044BEF9 /* Base */ = {isa = PBXFileReference; lastKnownFileType = file.storyboard; name = Base; path = Base.lproj/LaunchScreen.storyboard; sourceTree = "<group>"; };
		53286F25214CC35F0044BEF9 /* Info.plist */ = {isa = PBXFileReference; lastKnownFileType = text.plist.xml; path = Info.plist; sourceTree = "<group>"; };
		53286F2A214CC35F0044BEF9 /* ATMTests.xctest */ = {isa = PBXFileReference; explicitFileType = wrapper.cfbundle; includeInIndex = 0; path = ATMTests.xctest; sourceTree = BUILT_PRODUCTS_DIR; };
		53286F2E214CC35F0044BEF9 /* ATMTests.swift */ = {isa = PBXFileReference; lastKnownFileType = sourcecode.swift; path = ATMTests.swift; sourceTree = "<group>"; };
		53286F30214CC35F0044BEF9 /* Info.plist */ = {isa = PBXFileReference; lastKnownFileType = text.plist.xml; path = Info.plist; sourceTree = "<group>"; };
		53286F35214CC35F0044BEF9 /* ATMUITests.xctest */ = {isa = PBXFileReference; explicitFileType = wrapper.cfbundle; includeInIndex = 0; path = ATMUITests.xctest; sourceTree = BUILT_PRODUCTS_DIR; };
		53286F39214CC35F0044BEF9 /* ATMUITests.swift */ = {isa = PBXFileReference; lastKnownFileType = sourcecode.swift; path = ATMUITests.swift; sourceTree = "<group>"; };
		53286F3B214CC35F0044BEF9 /* Info.plist */ = {isa = PBXFileReference; lastKnownFileType = text.plist.xml; path = Info.plist; sourceTree = "<group>"; };
/* End PBXFileReference section */

/* Begin PBXFrameworksBuildPhase section */
		53286F13214CC35D0044BEF9 /* Frameworks */ = {
			isa = PBXFrameworksBuildPhase;
			buildActionMask = 2147483647;
			files = (
			);
			runOnlyForDeploymentPostprocessing = 0;
		};
		53286F27214CC35F0044BEF9 /* Frameworks */ = {
			isa = PBXFrameworksBuildPhase;
			buildActionMask = 2147483647;
			files = (
			);
			runOnlyForDeploymentPostprocessing = 0;
		};
		53286F32214CC35F0044BEF9 /* Frameworks */ = {
			isa = PBXFrameworksBuildPhase;
			buildActionMask = 2147483647;
			files = (
			);
			runOnlyForDeploymentPostprocessing = 0;
		};
/* End PBXFrameworksBuildPhase section */

/* Begin PBXGroup section */
		53286F0D214CC35D0044BEF9 = {
			isa = PBXGroup;
			children = (
				53286F18214CC35D0044BEF9 /* ATM */,
				53286F2D214CC35F0044BEF9 /* ATMTests */,
				53286F38214CC35F0044BEF9 /* ATMUITests */,
				53286F17214CC35D0044BEF9 /* Products */,
			);
			sourceTree = "<group>";
		};
		53286F17214CC35D0044BEF9 /* Products */ = {
			isa = PBXGroup;
			children = (
				53286F16214CC35D0044BEF9 /* ATM.app */,
				53286F2A214CC35F0044BEF9 /* ATMTests.xctest */,
				53286F35214CC35F0044BEF9 /* ATMUITests.xctest */,
			);
			name = Products;
			sourceTree = "<group>";
		};
		53286F18214CC35D0044BEF9 /* ATM */ = {
			isa = PBXGroup;
			children = (
				53286F19214CC35D0044BEF9 /* AppDelegate.swift */,
				53286F1B214CC35D0044BEF9 /* ViewController.swift */,
				53286F1D214CC35D0044BEF9 /* Main.storyboard */,
				53286F20214CC35F0044BEF9 /* Assets.xcassets */,
				53286F22214CC35F0044BEF9 /* LaunchScreen.storyboard */,
				53286F25214CC35F0044BEF9 /* Info.plist */,
			);
			path = ATM;
			sourceTree = "<group>";
		};
		53286F2D214CC35F0044BEF9 /* ATMTests */ = {
			isa = PBXGroup;
			children = (
				53286F2E214CC35F0044BEF9 /* ATMTests.swift */,
				53286F30214CC35F0044BEF9 /* Info.plist */,
			);
			path = ATMTests;
			sourceTree = "<group>";
		};
		53286F38214CC35F0044BEF9 /* ATMUITests */ = {
			isa = PBXGroup;
			children = (
				53286F39214CC35F0044BEF9 /* ATMUITests.swift */,
				53286F3B214CC35F0044BEF9 /* Info.plist */,
			);
			path = ATMUITests;
			sourceTree = "<group>";
		};
/* End PBXGroup section */

/* Begin PBXNativeTarget section */
		53286F15214CC35D0044BEF9 /* ATM */ = {
			isa = PBXNativeTarget;
			buildConfigurationList = 53286F3E214CC35F0044BEF9 /* Build configuration list for PBXNativeTarget "ATM" */;
			buildPhases = (
				53286F12214CC35D0044BEF9 /* Sources */,
				53286F13214CC35D0044BEF9 /* Frameworks */,
				53286F14214CC35D0044BEF9 /* Resources */,
			);
			buildRules = (
			);
			dependencies = (
			);
			name = ATM;
			productName = ATM;
			productReference = 53286F16214CC35D0044BEF9 /* ATM.app */;
			productType = "com.apple.product-type.application";
		};
		53286F29214CC35F0044BEF9 /* ATMTests */ = {
			isa = PBXNativeTarget;
			buildConfigurationList = 53286F41214CC35F0044BEF9 /* Build configuration list for PBXNativeTarget "ATMTests" */;
			buildPhases = (
				53286F26214CC35F0044BEF9 /* Sources */,
				53286F27214CC35F0044BEF9 /* Frameworks */,
				53286F28214CC35F0044BEF9 /* Resources */,
			);
			buildRules = (
			);
			dependencies = (
				53286F2C214CC35F0044BEF9 /* PBXTargetDependency */,
			);
			name = ATMTests;
			productName = ATMTests;
			productReference = 53286F2A214CC35F0044BEF9 /* ATMTests.xctest */;
			productType = "com.apple.product-type.bundle.unit-test";
		};
		53286F34214CC35F0044BEF9 /* ATMUITests */ = {
			isa = PBXNativeTarget;
			buildConfigurationList = 53286F44214CC35F0044BEF9 /* Build configuration list for PBXNativeTarget "ATMUITests" */;
			buildPhases = (
				53286F31214CC35F0044BEF9 /* Sources */,
				53286F32214CC35F0044BEF9 /* Frameworks */,
				53286F33214CC35F0044BEF9 /* Resources */,
			);
			buildRules = (
			);
			dependencies = (
				53286F37214CC35F0044BEF9 /* PBXTargetDependency */,
			);
			name = ATMUITests;
			productName = ATMUITests;
			productReference = 53286F35214CC35F0044BEF9 /* ATMUITests.xctest */;
			productType = "com.apple.product-type.bundle.ui-testing";
		};
/* End PBXNativeTarget section */

/* Begin PBXProject section */
		53286F0E214CC35D0044BEF9 /* Project object */ = {
			isa = PBXProject;
			attributes = {
				LastSwiftUpdateCheck = 0940;
				LastUpgradeCheck = 0940;
				ORGANIZATIONNAME = m4;
				TargetAttributes = {
					53286F15214CC35D0044BEF9 = {
						CreatedOnToolsVersion = 9.4.1;
					};
					53286F29214CC35F0044BEF9 = {
						CreatedOnToolsVersion = 9.4.1;
						TestTargetID = 53286F15214CC35D0044BEF9;
					};
					53286F34214CC35F0044BEF9 = {
						CreatedOnToolsVersion = 9.4.1;
						TestTargetID = 53286F15214CC35D0044BEF9;
					};
				};
			};
			buildConfigurationList = 53286F11214CC35D0044BEF9 /* Build configuration list for PBXProject "ATM" */;
			compatibilityVersion = "Xcode 9.3";
			developmentRegion = en;
			hasScannedForEncodings = 0;
			knownRegions = (
				en,
				Base,
			);
			mainGroup = 53286F0D214CC35D0044BEF9;
			productRefGroup = 53286F17214CC35D0044BEF9 /* Products */;
			projectDirPath = "";
			projectRoot = "";
			targets = (
				53286F15214CC35D0044BEF9 /* ATM */,
				53286F29214CC35F0044BEF9 /* ATMTests */,
				53286F34214CC35F0044BEF9 /* ATMUITests */,
			);
		};
/* End PBXProject section */

/* Begin PBXResourcesBuildPhase section */
		53286F14214CC35D0044BEF9 /* Resources */ = {
			isa = PBXResourcesBuildPhase;
			buildActionMask = 2147483647;
			files = (
				53286F24214CC35F0044BEF9 /* LaunchScreen.storyboard in Resources */,
				53286F21214CC35F0044BEF9 /* Assets.xcassets in Resources */,
				53286F1F214CC35D0044BEF9 /* Main.storyboard in Resources */,
			);
			runOnlyForDeploymentPostprocessing = 0;
		};
		53286F28214CC35F0044BEF9 /* Resources */ = {
			isa = PBXResourcesBuildPhase;
			buildActionMask = 2147483647;
			files = (
			);
			runOnlyForDeploymentPostprocessing = 0;
		};
		53286F33214CC35F0044BEF9 /* Resources */ = {
			isa = PBXResourcesBuildPhase;
			buildActionMask = 2147483647;
			files = (
			);
			runOnlyForDeploymentPostprocessing = 0;
		};
/* End PBXResourcesBuildPhase section */

/* Begin PBXSourcesBuildPhase section */
		53286F12214CC35D0044BEF9 /* Sources */ = {
			isa = PBXSourcesBuildPhase;
			buildActionMask = 2147483647;
			files = (
				53286F1C214CC35D0044BEF9 /* ViewController.swift in Sources */,
				53286F1A214CC35D0044BEF9 /* AppDelegate.swift in Sources */,
			);
			runOnlyForDeploymentPostprocessing = 0;
		};
		53286F26214CC35F0044BEF9 /* Sources */ = {
			isa = PBXSourcesBuildPhase;
			buildActionMask = 2147483647;
			files = (
				53286F2F214CC35F0044BEF9 /* ATMTests.swift in Sources */,
			);
			runOnlyForDeploymentPostprocessing = 0;
		};
		53286F31214CC35F0044BEF9 /* Sources */ = {
			isa = PBXSourcesBuildPhase;
			buildActionMask = 2147483647;
			files = (
				53286F3A214CC35F0044BEF9 /* ATMUITests.swift in Sources */,
			);
			runOnlyForDeploymentPostprocessing = 0;
		};
/* End PBXSourcesBuildPhase section */

/* Begin PBXTargetDependency section */
		53286F2C214CC35F0044BEF9 /* PBXTargetDependency */ = {
			isa = PBXTargetDependency;
			target = 53286F15214CC35D0044BEF9 /* ATM */;
			targetProxy = 53286F2B214CC35F0044BEF9 /* PBXContainerItemProxy */;
		};
		53286F37214CC35F0044BEF9 /* PBXTargetDependency */ = {
			isa = PBXTargetDependency;
			target = 53286F15214CC35D0044BEF9 /* ATM */;
			targetProxy = 53286F36214CC35F0044BEF9 /* PBXContainerItemProxy */;
		};
/* End PBXTargetDependency section */

/* Begin PBXVariantGroup section */
		53286F1D214CC35D0044BEF9 /* Main.storyboard */ = {
			isa = PBXVariantGroup;
			children = (
				53286F1E214CC35D0044BEF9 /* Base */,
			);
			name = Main.storyboard;
			sourceTree = "<group>";
		};
		53286F22214CC35F0044BEF9 /* LaunchScreen.storyboard */ = {
			isa = PBXVariantGroup;
			children = (
				53286F23214CC35F0044BEF9 /* Base */,
			);
			name = LaunchScreen.storyboard;
			sourceTree = "<group>";
		};
/* End PBXVariantGroup section */

/* Begin XCBuildConfiguration section */
		53286F3C214CC35F0044BEF9 /* Debug */ = {
			isa = XCBuildConfiguration;
			buildSettings = {
				ALWAYS_SEARCH_USER_PATHS = NO;
				CLANG_ANALYZER_NONNULL = YES;
				CLANG_ANALYZER_NUMBER_OBJECT_CONVERSION = YES_AGGRESSIVE;
				CLANG_CXX_LANGUAGE_STANDARD = "gnu++14";
				CLANG_CXX_LIBRARY = "libc++";
				CLANG_ENABLE_MODULES = YES;
				CLANG_ENABLE_OBJC_ARC = YES;
				CLANG_ENABLE_OBJC_WEAK = YES;
				CLANG_WARN_BLOCK_CAPTURE_AUTORELEASING = YES;
				CLANG_WARN_BOOL_CONVERSION = YES;
				CLANG_WARN_COMMA = YES;
				CLANG_WARN_CONSTANT_CONVERSION = YES;
				CLANG_WARN_DEPRECATED_OBJC_IMPLEMENTATIONS = YES;
				CLANG_WARN_DIRECT_OBJC_ISA_USAGE = YES_ERROR;
				CLANG_WARN_DOCUMENTATION_COMMENTS = YES;
				CLANG_WARN_EMPTY_BODY = YES;
				CLANG_WARN_ENUM_CONVERSION = YES;
				CLANG_WARN_INFINITE_RECURSION = YES;
				CLANG_WARN_INT_CONVERSION = YES;
				CLANG_WARN_NON_LITERAL_NULL_CONVERSION = YES;
				CLANG_WARN_OBJC_IMPLICIT_RETAIN_SELF = YES;
				CLANG_WARN_OBJC_LITERAL_CONVERSION = YES;
				CLANG_WARN_OBJC_ROOT_CLASS = YES_ERROR;
				CLANG_WARN_RANGE_LOOP_ANALYSIS = YES;
				CLANG_WARN_STRICT_PROTOTYPES = YES;
				CLANG_WARN_SUSPICIOUS_MOVE = YES;
				CLANG_WARN_UNGUARDED_AVAILABILITY = YES_AGGRESSIVE;
				CLANG_WARN_UNREACHABLE_CODE = YES;
				CLANG_WARN__DUPLICATE_METHOD_MATCH = YES;
				CODE_SIGN_IDENTITY = "iPhone Developer";
				COPY_PHASE_STRIP = NO;
				DEBUG_INFORMATION_FORMAT = dwarf;
				ENABLE_STRICT_OBJC_MSGSEND = YES;
				ENABLE_TESTABILITY = YES;
				GCC_C_LANGUAGE_STANDARD = gnu11;
				GCC_DYNAMIC_NO_PIC = NO;
				GCC_NO_COMMON_BLOCKS = YES;
				GCC_OPTIMIZATION_LEVEL = 0;
				GCC_PREPROCESSOR_DEFINITIONS = (
					"DEBUG=1",
					"$(inherited)",
				);
				GCC_WARN_64_TO_32_BIT_CONVERSION = YES;
				GCC_WARN_ABOUT_RETURN_TYPE = YES_ERROR;
				GCC_WARN_UNDECLARED_SELECTOR = YES;
				GCC_WARN_UNINITIALIZED_AUTOS = YES_AGGRESSIVE;
				GCC_WARN_UNUSED_FUNCTION = YES;
				GCC_WARN_UNUSED_VARIABLE = YES;
				IPHONEOS_DEPLOYMENT_TARGET = 11.4;
				MTL_ENABLE_DEBUG_INFO = YES;
				ONLY_ACTIVE_ARCH = YES;
				SDKROOT = iphoneos;
				SWIFT_ACTIVE_COMPILATION_CONDITIONS = DEBUG;
				SWIFT_OPTIMIZATION_LEVEL = "-Onone";
			};
			name = Debug;
		};
		53286F3D214CC35F0044BEF9 /* Release */ = {
			isa = XCBuildConfiguration;
			buildSettings = {
				ALWAYS_SEARCH_USER_PATHS = NO;
				CLANG_ANALYZER_NONNULL = YES;
				CLANG_ANALYZER_NUMBER_OBJECT_CONVERSION = YES_AGGRESSIVE;
				CLANG_CXX_LANGUAGE_STANDARD = "gnu++14";
				CLANG_CXX_LIBRARY = "libc++";
				CLANG_ENABLE_MODULES = YES;
				CLANG_ENABLE_OBJC_ARC = YES;
				CLANG_ENABLE_OBJC_WEAK = YES;
				CLANG_WARN_BLOCK_CAPTURE_AUTORELEASING = YES;
				CLANG_WARN_BOOL_CONVERSION = YES;
				CLANG_WARN_COMMA = YES;
				CLANG_WARN_CONSTANT_CONVERSION = YES;
				CLANG_WARN_DEPRECATED_OBJC_IMPLEMENTATIONS = YES;
				CLANG_WARN_DIRECT_OBJC_ISA_USAGE = YES_ERROR;
				CLANG_WARN_DOCUMENTATION_COMMENTS = YES;
				CLANG_WARN_EMPTY_BODY = YES;
				CLANG_WARN_ENUM_CONVERSION = YES;
				CLANG_WARN_INFINITE_RECURSION = YES;
				CLANG_WARN_INT_CONVERSION = YES;
				CLANG_WARN_NON_LITERAL_NULL_CONVERSION = YES;
				CLANG_WARN_OBJC_IMPLICIT_RETAIN_SELF = YES;
				CLANG_WARN_OBJC_LITERAL_CONVERSION = YES;
				CLANG_WARN_OBJC_ROOT_CLASS = YES_ERROR;
				CLANG_WARN_RANGE_LOOP_ANALYSIS = YES;
				CLANG_WARN_STRICT_PROTOTYPES = YES;
				CLANG_WARN_SUSPICIOUS_MOVE = YES;
				CLANG_WARN_UNGUARDED_AVAILABILITY = YES_AGGRESSIVE;
				CLANG_WARN_UNREACHABLE_CODE = YES;
				CLANG_WARN__DUPLICATE_METHOD_MATCH = YES;
				CODE_SIGN_IDENTITY = "iPhone Developer";
				COPY_PHASE_STRIP = NO;
				DEBUG_INFORMATION_FORMAT = "dwarf-with-dsym";
				ENABLE_NS_ASSERTIONS = NO;
				ENABLE_STRICT_OBJC_MSGSEND = YES;
				GCC_C_LANGUAGE_STANDARD = gnu11;
				GCC_NO_COMMON_BLOCKS = YES;
				GCC_WARN_64_TO_32_BIT_CONVERSION = YES;
				GCC_WARN_ABOUT_RETURN_TYPE = YES_ERROR;
				GCC_WARN_UNDECLARED_SELECTOR = YES;
				GCC_WARN_UNINITIALIZED_AUTOS = YES_AGGRESSIVE;
				GCC_WARN_UNUSED_FUNCTION = YES;
				GCC_WARN_UNUSED_VARIABLE = YES;
				IPHONEOS_DEPLOYMENT_TARGET = 11.4;
				MTL_ENABLE_DEBUG_INFO = NO;
				SDKROOT = iphoneos;
				SWIFT_COMPILATION_MODE = wholemodule;
				SWIFT_OPTIMIZATION_LEVEL = "-O";
				VALIDATE_PRODUCT = YES;
			};
			name = Release;
		};
		53286F3F214CC35F0044BEF9 /* Debug */ = {
			isa = XCBuildConfiguration;
			buildSettings = {
				ASSETCATALOG_COMPILER_APPICON_NAME = AppIcon;
				CODE_SIGN_STYLE = Automatic;
				INFOPLIST_FILE = ATM/Info.plist;
				LD_RUNPATH_SEARCH_PATHS = (
					"$(inherited)",
					"@executable_path/Frameworks",
				);
				PRODUCT_BUNDLE_IDENTIFIER = org.m4.ATM;
				PRODUCT_NAME = "$(TARGET_NAME)";
				SWIFT_VERSION = 4.0;
				TARGETED_DEVICE_FAMILY = "1,2";
			};
			name = Debug;
		};
		53286F40214CC35F0044BEF9 /* Release */ = {
			isa = XCBuildConfiguration;
			buildSettings = {
				ASSETCATALOG_COMPILER_APPICON_NAME = AppIcon;
				CODE_SIGN_STYLE = Automatic;
				INFOPLIST_FILE = ATM/Info.plist;
				LD_RUNPATH_SEARCH_PATHS = (
					"$(inherited)",
					"@executable_path/Frameworks",
				);
				PRODUCT_BUNDLE_IDENTIFIER = org.m4.ATM;
				PRODUCT_NAME = "$(TARGET_NAME)";
				SWIFT_VERSION = 4.0;
				TARGETED_DEVICE_FAMILY = "1,2";
			};
			name = Release;
		};
		53286F42214CC35F0044BEF9 /* Debug */ = {
			isa = XCBuildConfiguration;
			buildSettings = {
				ALWAYS_EMBED_SWIFT_STANDARD_LIBRARIES = YES;
				BUNDLE_LOADER = "$(TEST_HOST)";
				CODE_SIGN_STYLE = Automatic;
				INFOPLIST_FILE = ATMTests/Info.plist;
				LD_RUNPATH_SEARCH_PATHS = (
					"$(inherited)",
					"@executable_path/Frameworks",
					"@loader_path/Frameworks",
				);
				PRODUCT_BUNDLE_IDENTIFIER = org.m4.ATMTests;
				PRODUCT_NAME = "$(TARGET_NAME)";
				SWIFT_VERSION = 4.0;
				TARGETED_DEVICE_FAMILY = "1,2";
				TEST_HOST = "$(BUILT_PRODUCTS_DIR)/ATM.app/ATM";
			};
			name = Debug;
		};
		53286F43214CC35F0044BEF9 /* Release */ = {
			isa = XCBuildConfiguration;
			buildSettings = {
				ALWAYS_EMBED_SWIFT_STANDARD_LIBRARIES = YES;
				BUNDLE_LOADER = "$(TEST_HOST)";
				CODE_SIGN_STYLE = Automatic;
				INFOPLIST_FILE = ATMTests/Info.plist;
				LD_RUNPATH_SEARCH_PATHS = (
					"$(inherited)",
					"@executable_path/Frameworks",
					"@loader_path/Frameworks",
				);
				PRODUCT_BUNDLE_IDENTIFIER = org.m4.ATMTests;
				PRODUCT_NAME = "$(TARGET_NAME)";
				SWIFT_VERSION = 4.0;
				TARGETED_DEVICE_FAMILY = "1,2";
				TEST_HOST = "$(BUILT_PRODUCTS_DIR)/ATM.app/ATM";
			};
			name = Release;
		};
		53286F45214CC35F0044BEF9 /* Debug */ = {
			isa = XCBuildConfiguration;
			buildSettings = {
				ALWAYS_EMBED_SWIFT_STANDARD_LIBRARIES = YES;
				CODE_SIGN_STYLE = Automatic;
				INFOPLIST_FILE = ATMUITests/Info.plist;
				LD_RUNPATH_SEARCH_PATHS = (
					"$(inherited)",
					"@executable_path/Frameworks",
					"@loader_path/Frameworks",
				);
				PRODUCT_BUNDLE_IDENTIFIER = org.m4.ATMUITests;
				PRODUCT_NAME = "$(TARGET_NAME)";
				SWIFT_VERSION = 4.0;
				TARGETED_DEVICE_FAMILY = "1,2";
				TEST_TARGET_NAME = ATM;
			};
			name = Debug;
		};
		53286F46214CC35F0044BEF9 /* Release */ = {
			isa = XCBuildConfiguration;
			buildSettings = {
				ALWAYS_EMBED_SWIFT_STANDARD_LIBRARIES = YES;
				CODE_SIGN_STYLE = Automatic;
				INFOPLIST_FILE = ATMUITests/Info.plist;
				LD_RUNPATH_SEARCH_PATHS = (
					"$(inherited)",
					"@executable_path/Frameworks",
					"@loader_path/Frameworks",
				);
				PRODUCT_BUNDLE_IDENTIFIER = org.m4.ATMUITests;
				PRODUCT_NAME = "$(TARGET_NAME)";
				SWIFT_VERSION = 4.0;
				TARGETED_DEVICE_FAMILY = "1,2";
				TEST_TARGET_NAME = ATM;
			};
			name = Release;
		};
/* End XCBuildConfiguration section */

/* Begin XCConfigurationList section */
		53286F11214CC35D0044BEF9 /* Build configuration list for PBXProject "ATM" */ = {
			isa = XCConfigurationList;
			buildConfigurations = (
				53286F3C214CC35F0044BEF9 /* Debug */,
				53286F3D214CC35F0044BEF9 /* Release */,
			);
			defaultConfigurationIsVisible = 0;
			defaultConfigurationName = Release;
		};
		53286F3E214CC35F0044BEF9 /* Build configuration list for PBXNativeTarget "ATM" */ = {
			isa = XCConfigurationList;
			buildConfigurations = (
				53286F3F214CC35F0044BEF9 /* Debug */,
				53286F40214CC35F0044BEF9 /* Release */,
			);
			defaultConfigurationIsVisible = 0;
			defaultConfigurationName = Release;
		};
		53286F41214CC35F0044BEF9 /* Build configuration list for PBXNativeTarget "ATMTests" */ = {
			isa = XCConfigurationList;
			buildConfigurations = (
				53286F42214CC35F0044BEF9 /* Debug */,
				53286F43214CC35F0044BEF9 /* Release */,
			);
			defaultConfigurationIsVisible = 0;
			defaultConfigurationName = Release;
		};
		53286F44214CC35F0044BEF9 /* Build configuration list for PBXNativeTarget "ATMUITests" */ = {
			isa = XCConfigurationList;
			buildConfigurations = (
				53286F45214CC35F0044BEF9 /* Debug */,
				53286F46214CC35F0044BEF9 /* Release */,
			);
			defaultConfigurationIsVisible = 0;
			defaultConfigurationName = Release;
		};
/* End XCConfigurationList section */
	};
	rootObject = 53286F0E214CC35D0044BEF9 /* Project object */;
}
